
Microsoft Visual Studio Solution File, Format Version 12.00
# Visual Studio Version 17
VisualStudioVersion = 17.7.34031.279
MinimumVisualStudioVersion = 10.0.40219.1
Project("{9A19103F-16F7-4668-BE54-9A1E7A4F7556}") = "PortfolioSamanta", "PotifolioSamanta\PortfolioSamanta.csproj", "{0AFF2F4D-17A4-4587-BB3D-65928AEF8413}"
EndProject
Global
	GlobalSection(SolutionConfigurationPlatforms) = preSolution
		Debug|Any CPU = Debug|Any CPU
		Release|Any CPU = Release|Any CPU
	EndGlobalSection
	GlobalSection(ProjectConfigurationPlatforms) = postSolution
		{0AFF2F4D-17A4-4587-BB3D-65928AEF8413}.Debug|Any CPU.ActiveCfg = Debug|Any CPU
		{0AFF2F4D-17A4-4587-BB3D-65928AEF8413}.Debug|Any CPU.Build.0 = Debug|Any CPU
		{0AFF2F4D-17A4-4587-BB3D-65928AEF8413}.Release|Any CPU.ActiveCfg = Release|Any CPU
		{0AFF2F4D-17A4-4587-BB3D-65928AEF8413}.Release|Any CPU.Build.0 = Release|Any CPU
	EndGlobalSection
	GlobalSection(SolutionProperties) = preSolution
		HideSolutionNode = FALSE
	EndGlobalSection
	GlobalSection(ExtensibilityGlobals) = postSolution
		SolutionGuid = {8B375B4E-B482-4B5D-A2E5-B6EB8EA8A432}
	EndGlobalSection
EndGlobal
